
Microsoft Visual Studio Solution File, Format Version 12.00
# Visual Studio 15
VisualStudioVersion = 15.0.28307.102
MinimumVisualStudioVersion = 10.0.40219.1
Project("{FAE04EC0-301F-11D3-BF4B-00C04F79EFBC}") = "DAQ_system", "DAQ_system\DAQ_system.csproj", "{C87C05B4-9E9A-4BE4-BA86-4A0DF933B075}"
EndProject
Global
	GlobalSection(SolutionConfigurationPlatforms) = preSolution
		Debug|Any CPU = Debug|Any CPU
		Release|Any CPU = Release|Any CPU
	EndGlobalSection
	GlobalSection(ProjectConfigurationPlatforms) = postSolution
		{C87C05B4-9E9A-4BE4-BA86-4A0DF933B075}.Debug|Any CPU.ActiveCfg = Debug|Any CPU
		{C87C05B4-9E9A-4BE4-BA86-4A0DF933B075}.Debug|Any CPU.Build.0 = Debug|Any CPU
		{C87C05B4-9E9A-4BE4-BA86-4A0DF933B075}.Release|Any CPU.ActiveCfg = Release|Any CPU
		{C87C05B4-9E9A-4BE4-BA86-4A0DF933B075}.Release|Any CPU.Build.0 = Release|Any CPU
	EndGlobalSection
	GlobalSection(SolutionProperties) = preSolution
		HideSolutionNode = FALSE
	EndGlobalSection
	GlobalSection(ExtensibilityGlobals) = postSolution
		SolutionGuid = {561667F8-7A49-48E2-B7CA-D814E5109864}
	EndGlobalSection
EndGlobal
